lockfileVersion: '9.0'

settings:
  autoInstallPeers: true
  excludeLinksFromLockfile: false

importers:

  .:
    dependencies:
      typebox:
        specifier: ^1.1.24
        version: 1.1.33
    devDependencies:
      '@types/chrome':
        specifier: ^0.0.326
        version: 0.0.326
      '@types/node':
        specifier: ^22.15.3
        version: 22.19.17
      '@typescript/native-preview':
        specifier: 7.0.0-dev.20260424.1
        version: 7.0.0-dev.20260424.1
      bun-types:
        specifier: ^1.3.1
        version: 1.3.13
      typescript:
        specifier: ^5.8.3
        version: 5.9.3

packages:

  '@types/chrome@0.0.326':
    resolution: {integrity: sha512-WS7jKf3ZRZFHOX7dATCZwqNJgdfiSF0qBRFxaO0LhIOvTNBrfkab26bsZwp6EBpYtqp8loMHJTnD6vDTLWPKYw==}

  '@types/filesystem@0.0.36':
    resolution: {integrity: sha512-vPDXOZuannb9FZdxgHnqSwAG/jvdGM8Wq+6N4D/d80z+D4HWH+bItqsZaVRQykAn6WEVeEkLm2oQigyHtgb0RA==}

  '@types/filewriter@0.0.33':
    resolution: {integrity: sha512-xFU8ZXTw4gd358lb2jw25nxY9QAgqn2+bKKjKOYfNCzN4DKCFetK7sPtrlpg66Ywe3vWY9FNxprZawAh9wfJ3g==}

  '@types/har-format@1.2.16':
    resolution: {integrity: sha512-fluxdy7ryD3MV6h8pTfTYpy/xQzCFC7m89nOH9y94cNqJ1mDIDPut7MnRHI3F6qRmh/cT2fUjG1MLdCNb4hE9A==}

  '@types/node@22.19.17':
    resolution: {integrity: sha512-wGdMcf+vPYM6jikpS/qhg6WiqSV/OhG+jeeHT/KlVqxYfD40iYJf9/AE1uQxVWFvU7MipKRkRv8NSHiCGgPr8Q==}

  '@typescript/native-preview-darwin-arm64@7.0.0-dev.20260424.1':
    resolution: {integrity: sha512-cDlRsCddHfTB++G1jFFO13y+4WkGn5RVF5yHFjFEQ9tvhN9FUxFx+0BxWIFoGg17Lp6/55kGkBD75qlNLdNzwA==}
    engines: {node: '>=16.20.0'}
    cpu: [arm64]
    os: [darwin]

  '@typescript/native-preview-darwin-x64@7.0.0-dev.20260424.1':
    resolution: {integrity: sha512-vnMTeBlKq0OvRVzp2j9cliNNJ3ReI3mn8UihTJ5cAw7dMPH+uRfZP+TrpRBFKZJMVTteILuZS9XopUmHk/M++g==}
    engines: {node: '>=16.20.0'}
    cpu: [x64]
    os: [darwin]

  '@typescript/native-preview-linux-arm64@7.0.0-dev.20260424.1':
    resolution: {integrity: sha512-JRJAi8dCvHEn280XxwhJi4aDFwIHrwQVhsSztpGodcqFEXMJ9WZlbR9Q8pWmJnPeFFFdTMPgSs5yzF4ZBQymBQ==}
    engines: {node: '>=16.20.0'}
    cpu: [arm64]
    os: [linux]

  '@typescript/native-preview-linux-arm@7.0.0-dev.20260424.1':
    resolution: {integrity: sha512-gojRlfaxqbXnWKdyuKoKj9wACY3Y6h/kdhXG/QRpLgp/K/9pwkj4AJ6zVCkqvyEULc8ESwPygiMrJHlzRXXSvg==}
    engines: {node: '>=16.20.0'}
    cpu: [arm]
    os: [linux]

  '@typescript/native-preview-linux-x64@7.0.0-dev.20260424.1':
    resolution: {integrity: sha512-K34ZcseVSpysIhlyF1ors76apV3wleoRhS1dM8gMoYubl2vJ8eA0y6O8YzQuzt0lLkByBwk2Ikj02DwHD7Lx0Q==}
    engines: {node: '>=16.20.0'}
    cpu: [x64]
    os: [linux]

  '@typescript/native-preview-win32-arm64@7.0.0-dev.20260424.1':
    resolution: {integrity: sha512-tNWQjHbdawI+6KBeaVcgU/QIu4PJ2IfW/cGGvv/N+1o6No9MxcU1HO0n2Kse6zjm3xRPNrVG/FG0q/viMFxByg==}
    engines: {node: '>=16.20.0'}
    cpu: [arm64]
    os: [win32]

  '@typescript/native-preview-win32-x64@7.0.0-dev.20260424.1':
    resolution: {integrity: sha512-kfvSYfsXKxNVzcmWudyPqJhjTcolsejDEk9hpUQvO8O6nHnE3gXeH7e1NiE/1xS52567ZQNvhSbc2vfkciC+bA==}
    engines: {node: '>=16.20.0'}
    cpu: [x64]
    os: [win32]

  '@typescript/native-preview@7.0.0-dev.20260424.1':
    resolution: {integrity: sha512-AExG+RjPYS/YD4n4y4B3qznONzpARzSYpZBYayXLgfDV+mIRLIFk7KWxuO9wi2Dx4zYV/W+YmM19AiP4WeTUaA==}
    engines: {node: '>=16.20.0'}
    hasBin: true

  bun-types@1.3.13:
    resolution: {integrity: sha512-QXKeHLlOLqQX9LgYaHJfzdBaV21T63HhFJnvuRCcjZiaUDpbs5ED1MgxbMra71CsryN/1dAoXuJJJwIv/2drVA==}

  typebox@1.1.33:
    resolution: {integrity: sha512-+/MWwlQ1q2GSVwoxi/+u5JsHkgLQKcCN2Nsjree9c+K7GJu40qbaHrFETmfV1i9Fs1TcOVfynW+jJvIWcXtvjw==}

  typescript@5.9.3:
    resolution: {integrity: sha512-jl1vZzPDinLr9eUt3J/t7V6FgNEw9QjvBPdysz9KfQDD41fQrC2Y4vKQdiaUpFT4bXlb1RHhLpp8wtm6M5TgSw==}
    engines: {node: '>=14.17'}
    hasBin: true

  undici-types@6.21.0:
    resolution: {integrity: sha512-iwDZqg0QAGrg9Rav5H4n0M64c3mkR59cJ6wQp+7C4nI0gsmExaedaYLNO44eT4AtBBwjbTiGPMlt2Md0T9H9JQ==}

snapshots:

  '@types/chrome@0.0.326':
    dependencies:
      '@types/filesystem': 0.0.36
      '@types/har-format': 1.2.16

  '@types/filesystem@0.0.36':
    dependencies:
      '@types/filewriter': 0.0.33

  '@types/filewriter@0.0.33': {}

  '@types/har-format@1.2.16': {}

  '@types/node@22.19.17':
    dependencies:
      undici-types: 6.21.0

  '@typescript/native-preview-darwin-arm64@7.0.0-dev.20260424.1':
    optional: true

  '@typescript/native-preview-darwin-x64@7.0.0-dev.20260424.1':
    optional: true

  '@typescript/native-preview-linux-arm64@7.0.0-dev.20260424.1':
    optional: true

  '@typescript/native-preview-linux-arm@7.0.0-dev.20260424.1':
    optional: true

  '@typescript/native-preview-linux-x64@7.0.0-dev.20260424.1':
    optional: true

  '@typescript/native-preview-win32-arm64@7.0.0-dev.20260424.1':
    optional: true

  '@typescript/native-preview-win32-x64@7.0.0-dev.20260424.1':
    optional: true

  '@typescript/native-preview@7.0.0-dev.20260424.1':
    optionalDependencies:
      '@typescript/native-preview-darwin-arm64': 7.0.0-dev.20260424.1
      '@typescript/native-preview-darwin-x64': 7.0.0-dev.20260424.1
      '@typescript/native-preview-linux-arm': 7.0.0-dev.20260424.1
      '@typescript/native-preview-linux-arm64': 7.0.0-dev.20260424.1
      '@typescript/native-preview-linux-x64': 7.0.0-dev.20260424.1
      '@typescript/native-preview-win32-arm64': 7.0.0-dev.20260424.1
      '@typescript/native-preview-win32-x64': 7.0.0-dev.20260424.1

  bun-types@1.3.13:
    dependencies:
      '@types/node': 22.19.17

  typebox@1.1.33: {}

  typescript@5.9.3: {}

  undici-types@6.21.0: {}
